// !$*UTF8*$!
{
	archiveVersion = 1;
	classes = {
	};
	objectVersion = 55;
	objects = {

/* Begin PBXBuildFile section */
		79899694657B764F02FBF60C /* Pods_Give_Me_RecipeTests.framework in Frameworks */ = {isa = PBXBuildFile; fileRef = F0F5FF3B1253F3325A6FDEBC /* Pods_Give_Me_RecipeTests.framework */; };
		C32C3742B3E4A1A4100931A3 /* Pods_Give_Me_Recipe_Give_Me_RecipeUITests.framework in Frameworks */ = {isa = PBXBuildFile; fileRef = C94BD224EB10C8046F3F34D2 /* Pods_Give_Me_Recipe_Give_Me_RecipeUITests.framework */; };
		E31D4AB8284FE4DF00D827DF /* FavouriteRecipesPresenter.swift in Sources */ = {isa = PBXBuildFile; fileRef = E31D4AB1284FE4DF00D827DF /* FavouriteRecipesPresenter.swift */; };
		E31D4AB9284FE4DF00D827DF /* FavouriteRecipesWorker.swift in Sources */ = {isa = PBXBuildFile; fileRef = E31D4AB2284FE4DF00D827DF /* FavouriteRecipesWorker.swift */; };
		E31D4ABA284FE4DF00D827DF /* FavouriteRecipesRouter.swift in Sources */ = {isa = PBXBuildFile; fileRef = E31D4AB3284FE4DF00D827DF /* FavouriteRecipesRouter.swift */; };
		E31D4ABB284FE4DF00D827DF /* FavouriteRecipesModels.swift in Sources */ = {isa = PBXBuildFile; fileRef = E31D4AB4284FE4DF00D827DF /* FavouriteRecipesModels.swift */; };
		E31D4ABC284FE4DF00D827DF /* FavouriteRecipesViewController.swift in Sources */ = {isa = PBXBuildFile; fileRef = E31D4AB5284FE4DF00D827DF /* FavouriteRecipesViewController.swift */; };
		E31D4ABD284FE4DF00D827DF /* FavouriteRecipesInteractor.swift in Sources */ = {isa = PBXBuildFile; fileRef = E31D4AB6284FE4DF00D827DF /* FavouriteRecipesInteractor.swift */; };
		E322E0BE28280AAE0005372C /* Constraints.swift in Sources */ = {isa = PBXBuildFile; fileRef = E322E0BD28280AAE0005372C /* Constraints.swift */; };
		E32D4E962826BF1C00E4F6F3 /* AppDelegate.swift in Sources */ = {isa = PBXBuildFile; fileRef = E32D4E952826BF1C00E4F6F3 /* AppDelegate.swift */; };
		E32D4E982826BF1C00E4F6F3 /* SceneDelegate.swift in Sources */ = {isa = PBXBuildFile; fileRef = E32D4E972826BF1C00E4F6F3 /* SceneDelegate.swift */; };
		E32D4E9D2826BF1C00E4F6F3 /* Main.storyboard in Resources */ = {isa = PBXBuildFile; fileRef = E32D4E9B2826BF1C00E4F6F3 /* Main.storyboard */; };
		E32D4E9F2826BF1D00E4F6F3 /* Assets.xcassets in Resources */ = {isa = PBXBuildFile; fileRef = E32D4E9E2826BF1D00E4F6F3 /* Assets.xcassets */; };
		E32D4EA22826BF1D00E4F6F3 /* LaunchScreen.storyboard in Resources */ = {isa = PBXBuildFile; fileRef = E32D4EA02826BF1D00E4F6F3 /* LaunchScreen.storyboard */; };
		E340EB902829B1C3005982BE /* NavigationViewController.swift in Sources */ = {isa = PBXBuildFile; fileRef = E340EB8F2829B1C3005982BE /* NavigationViewController.swift */; };
		E34652D8284CF8B800B5FF3F /* RecipeViewCotrollerTests.swift in Sources */ = {isa = PBXBuildFile; fileRef = E34652D7284CF8B800B5FF3F /* RecipeViewCotrollerTests.swift */; };
		E36FC13128282CEF002B0416 /* RecipePresenter.swift in Sources */ = {isa = PBXBuildFile; fileRef = E36FC12A28282CEF002B0416 /* RecipePresenter.swift */; };
		E36FC13228282CEF002B0416 /* RecipeWorker.swift in Sources */ = {isa = PBXBuildFile; fileRef = E36FC12B28282CEF002B0416 /* RecipeWorker.swift */; };
		E36FC13328282CEF002B0416 /* RecipeRouter.swift in Sources */ = {isa = PBXBuildFile; fileRef = E36FC12C28282CEF002B0416 /* RecipeRouter.swift */; };
		E36FC13428282CEF002B0416 /* RecipeModels.swift in Sources */ = {isa = PBXBuildFile; fileRef = E36FC12D28282CEF002B0416 /* RecipeModels.swift */; };
		E36FC13628282CEF002B0416 /* RecipeInteractor.swift in Sources */ = {isa = PBXBuildFile; fileRef = E36FC12F28282CEF002B0416 /* RecipeInteractor.swift */; };
		E374C09B2836D9A2003FB5B5 /* RecipeViewController.swift in Sources */ = {isa = PBXBuildFile; fileRef = E374C0992836D9A2003FB5B5 /* RecipeViewController.swift */; };
		E374C09C2836D9A2003FB5B5 /* RecipeViewController.xib in Resources */ = {isa = PBXBuildFile; fileRef = E374C09A2836D9A2003FB5B5 /* RecipeViewController.xib */; };
		E37DB030284BEB680093625B /* MainViewControllerUITests.swift in Sources */ = {isa = PBXBuildFile; fileRef = E37DB02F284BEB680093625B /* MainViewControllerUITests.swift */; };
		E3A7AED02826CB8600387185 /* MainScreenPresenter.swift in Sources */ = {isa = PBXBuildFile; fileRef = E3A7AEC92826CB8600387185 /* MainScreenPresenter.swift */; };
		E3A7AED12826CB8600387185 /* MainScreenWorker.swift in Sources */ = {isa = PBXBuildFile; fileRef = E3A7AECA2826CB8600387185 /* MainScreenWorker.swift */; };
		E3A7AED22826CB8600387185 /* MainScreenRouter.swift in Sources */ = {isa = PBXBuildFile; fileRef = E3A7AECB2826CB8600387185 /* MainScreenRouter.swift */; };
		E3A7AED32826CB8600387185 /* MainScreenModels.swift in Sources */ = {isa = PBXBuildFile; fileRef = E3A7AECC2826CB8600387185 /* MainScreenModels.swift */; };
		E3A7AED42826CB8600387185 /* MainScreenViewController.swift in Sources */ = {isa = PBXBuildFile; fileRef = E3A7AECD2826CB8600387185 /* MainScreenViewController.swift */; };
		E3A7AED52826CB8600387185 /* MainScreenInteractor.swift in Sources */ = {isa = PBXBuildFile; fileRef = E3A7AECE2826CB8600387185 /* MainScreenInteractor.swift */; };
		E3A7AED62826CB8600387185 /* MainScreenViewController.xib in Resources */ = {isa = PBXBuildFile; fileRef = E3A7AECF2826CB8600387185 /* MainScreenViewController.xib */; };
		E3B2BEB32843B2BF00235FCA /* RecipeViewHeightCalculated.swift in Sources */ = {isa = PBXBuildFile; fileRef = E3B2BEB22843B2BF00235FCA /* RecipeViewHeightCalculated.swift */; };
		E3B2BEB62843B49900235FCA /* Constants.swift in Sources */ = {isa = PBXBuildFile; fileRef = E3B2BEB52843B49900235FCA /* Constants.swift */; };
		E3B2BEB82843BAE700235FCA /* String + Height.swift in Sources */ = {isa = PBXBuildFile; fileRef = E3B2BEB72843BAE700235FCA /* String + Height.swift */; };
		E3C87AE22852A28600F1E615 /* DataManager.swift in Sources */ = {isa = PBXBuildFile; fileRef = E3C87AE12852A28600F1E615 /* DataManager.swift */; };
		E3D33C702856518F00B0983D /* MyFavouriteRecipe.xcdatamodeld in Sources */ = {isa = PBXBuildFile; fileRef = E3C4DFE12854D32600331537 /* MyFavouriteRecipe.xcdatamodeld */; };
		E3D90917284AA53100DAC8DF /* MainScreenViewControllerTests.swift in Sources */ = {isa = PBXBuildFile; fileRef = E3D90916284AA53100DAC8DF /* MainScreenViewControllerTests.swift */; };
		E3E2EEB8282AFD10009FDB97 /* SearchResponse.swift in Sources */ = {isa = PBXBuildFile; fileRef = E3E2EEB7282AFD10009FDB97 /* SearchResponse.swift */; };
		E3F745B1282D98F200377A3A /* NetworkService.swift in Sources */ = {isa = PBXBuildFile; fileRef = E3F745B0282D98F200377A3A /* NetworkService.swift */; };
		E3F745B5282D9D3C00377A3A /* MealURLRequests.swift in Sources */ = {isa = PBXBuildFile; fileRef = E3F745B4282D9D3C00377A3A /* MealURLRequests.swift */; };
		EE2F58C30EB377ECEDE7BD35 /* Pods_Give_Me_Recipe.framework in Frameworks */ = {isa = PBXBuildFile; fileRef = F830715E24D1705034250078 /* Pods_Give_Me_Recipe.framework */; };
/* End PBXBuildFile section */

/* Begin PBXContainerItemProxy section */
		E32D4EA92826BF1D00E4F6F3 /* PBXContainerItemProxy */ = {
			isa = PBXContainerItemProxy;
			containerPortal = E32D4E8A2826BF1B00E4F6F3 /* Project object */;
			proxyType = 1;
			remoteGlobalIDString = E32D4E912826BF1C00E4F6F3;
			remoteInfo = "Give Me Recipe";
		};
		E32D4EB32826BF1D00E4F6F3 /* PBXContainerItemProxy */ = {
			isa = PBXContainerItemProxy;
			containerPortal = E32D4E8A2826BF1B00E4F6F3 /* Project object */;
			proxyType = 1;
			remoteGlobalIDString = E32D4E912826BF1C00E4F6F3;
			remoteInfo = "Give Me Recipe";
		};
/* End PBXContainerItemProxy section */

/* Begin PBXFileReference section */
		02A2A3A1AABE8DC6314EDC84 /* Pods-Give Me Recipe-Give Me RecipeUITests.debug.xcconfig */ = {isa = PBXFileReference; includeInIndex = 1; lastKnownFileType = text.xcconfig; name = "Pods-Give Me Recipe-Give Me RecipeUITests.debug.xcconfig"; path = "Target Support Files/Pods-Give Me Recipe-Give Me RecipeUITests/Pods-Give Me Recipe-Give Me RecipeUITests.debug.xcconfig"; sourceTree = "<group>"; };
		3822CE708CC8C674A41CBE4E /* Pods-Give Me RecipeTests.release.xcconfig */ = {isa = PBXFileReference; includeInIndex = 1; lastKnownFileType = text.xcconfig; name = "Pods-Give Me RecipeTests.release.xcconfig"; path = "Target Support Files/Pods-Give Me RecipeTests/Pods-Give Me RecipeTests.release.xcconfig"; sourceTree = "<group>"; };
		810F6B33F11D819E658FB1A5 /* Pods-Give Me RecipeTests.debug.xcconfig */ = {isa = PBXFileReference; includeInIndex = 1; lastKnownFileType = text.xcconfig; name = "Pods-Give Me RecipeTests.debug.xcconfig"; path = "Target Support Files/Pods-Give Me RecipeTests/Pods-Give Me RecipeTests.debug.xcconfig"; sourceTree = "<group>"; };
		81D8445FD57E3DEE74A7FAFA /* Pods-Give Me Recipe.debug.xcconfig */ = {isa = PBXFileReference; includeInIndex = 1; lastKnownFileType = text.xcconfig; name = "Pods-Give Me Recipe.debug.xcconfig"; path = "Target Support Files/Pods-Give Me Recipe/Pods-Give Me Recipe.debug.xcconfig"; sourceTree = "<group>"; };
		9531A714C696DB3CFE170F74 /* Pods-Give Me Recipe.release.xcconfig */ = {isa = PBXFileReference; includeInIndex = 1; lastKnownFileType = text.xcconfig; name = "Pods-Give Me Recipe.release.xcconfig"; path = "Target Support Files/Pods-Give Me Recipe/Pods-Give Me Recipe.release.xcconfig"; sourceTree = "<group>"; };
		C94BD224EB10C8046F3F34D2 /* Pods_Give_Me_Recipe_Give_Me_RecipeUITests.framework */ = {isa = PBXFileReference; explicitFileType = wrapper.framework; includeInIndex = 0; path = Pods_Give_Me_Recipe_Give_Me_RecipeUITests.framework; sourceTree = BUILT_PRODUCTS_DIR; };
		D69FE299C9DDCC5AF7C162B3 /* Pods-Give Me Recipe-Give Me RecipeUITests.release.xcconfig */ = {isa = PBXFileReference; includeInIndex = 1; lastKnownFileType = text.xcconfig; name = "Pods-Give Me Recipe-Give Me RecipeUITests.release.xcconfig"; path = "Target Support Files/Pods-Give Me Recipe-Give Me RecipeUITests/Pods-Give Me Recipe-Give Me RecipeUITests.release.xcconfig"; sourceTree = "<group>"; };
		E31D4AB1284FE4DF00D827DF /* FavouriteRecipesPresenter.swift */ = {isa = PBXFileReference; lastKnownFileType = sourcecode.swift; path = FavouriteRecipesPresenter.swift; sourceTree = "<group>"; };
		E31D4AB2284FE4DF00D827DF /* FavouriteRecipesWorker.swift */ = {isa = PBXFileReference; lastKnownFileType = sourcecode.swift; path = FavouriteRecipesWorker.swift; sourceTree = "<group>"; };
		E31D4AB3284FE4DF00D827DF /* FavouriteRecipesRouter.swift */ = {isa = PBXFileReference; lastKnownFileType = sourcecode.swift; path = FavouriteRecipesRouter.swift; sourceTree = "<group>"; };
		E31D4AB4284FE4DF00D827DF /* FavouriteRecipesModels.swift */ = {isa = PBXFileReference; lastKnownFileType = sourcecode.swift; path = FavouriteRecipesModels.swift; sourceTree = "<group>"; };
		E31D4AB5284FE4DF00D827DF /* FavouriteRecipesViewController.swift */ = {isa = PBXFileReference; lastKnownFileType = sourcecode.swift; path = FavouriteRecipesViewController.swift; sourceTree = "<group>"; };
		E31D4AB6284FE4DF00D827DF /* FavouriteRecipesInteractor.swift */ = {isa = PBXFileReference; lastKnownFileType = sourcecode.swift; path = FavouriteRecipesInteractor.swift; sourceTree = "<group>"; };
		E322E0BD28280AAE0005372C /* Constraints.swift */ = {isa = PBXFileReference; fileEncoding = 4; lastKnownFileType = sourcecode.swift; path = Constraints.swift; sourceTree = "<group>"; };
		E32D4E922826BF1C00E4F6F3 /* Give Me Recipe.app */ = {isa = PBXFileReference; explicitFileType = wrapper.application; includeInIndex = 0; path = "Give Me Recipe.app"; sourceTree = BUILT_PRODUCTS_DIR; };
		E32D4E952826BF1C00E4F6F3 /* AppDelegate.swift */ = {isa = PBXFileReference; lastKnownFileType = sourcecode.swift; path = AppDelegate.swift; sourceTree = "<group>"; };
		E32D4E972826BF1C00E4F6F3 /* SceneDelegate.swift */ = {isa = PBXFileReference; lastKnownFileType = sourcecode.swift; path = SceneDelegate.swift; sourceTree = "<group>"; };
		E32D4E9C2826BF1C00E4F6F3 /* Base */ = {isa = PBXFileReference; lastKnownFileType = file.storyboard; name = Base; path = Base.lproj/Main.storyboard; sourceTree = "<group>"; };
		E32D4E9E2826BF1D00E4F6F3 /* Assets.xcassets */ = {isa = PBXFileReference; lastKnownFileType = folder.assetcatalog; path = Assets.xcassets; sourceTree = "<group>"; };
		E32D4EA12826BF1D00E4F6F3 /* Base */ = {isa = PBXFileReference; lastKnownFileType = file.storyboard; name = Base; path = Base.lproj/LaunchScreen.storyboard; sourceTree = "<group>"; };
		E32D4EA32826BF1D00E4F6F3 /* Info.plist */ = {isa = PBXFileReference; lastKnownFileType = text.plist.xml; path = Info.plist; sourceTree = "<group>"; };
		E32D4EA82826BF1D00E4F6F3 /* Give Me RecipeTests.xctest */ = {isa = PBXFileReference; explicitFileType = wrapper.cfbundle; includeInIndex = 0; path = "Give Me RecipeTests.xctest"; sourceTree = BUILT_PRODUCTS_DIR; };
		E32D4EB22826BF1D00E4F6F3 /* Give Me RecipeUITests.xctest */ = {isa = PBXFileReference; explicitFileType = wrapper.cfbundle; includeInIndex = 0; path = "Give Me RecipeUITests.xctest"; sourceTree = BUILT_PRODUCTS_DIR; };
		E340EB8F2829B1C3005982BE /* NavigationViewController.swift */ = {isa = PBXFileReference; lastKnownFileType = sourcecode.swift; path = NavigationViewController.swift; sourceTree = "<group>"; };
		E34652D7284CF8B800B5FF3F /* RecipeViewCotrollerTests.swift */ = {isa = PBXFileReference; lastKnownFileType = sourcecode.swift; path = RecipeViewCotrollerTests.swift; sourceTree = "<group>"; };
		E36FC12A28282CEF002B0416 /* RecipePresenter.swift */ = {isa = PBXFileReference; lastKnownFileType = sourcecode.swift; path = RecipePresenter.swift; sourceTree = "<group>"; };
		E36FC12B28282CEF002B0416 /* RecipeWorker.swift */ = {isa = PBXFileReference; lastKnownFileType = sourcecode.swift; path = RecipeWorker.swift; sourceTree = "<group>"; };
		E36FC12C28282CEF002B0416 /* RecipeRouter.swift */ = {isa = PBXFileReference; lastKnownFileType = sourcecode.swift; path = RecipeRouter.swift; sourceTree = "<group>"; };
		E36FC12D28282CEF002B0416 /* RecipeModels.swift */ = {isa = PBXFileReference; lastKnownFileType = sourcecode.swift; path = RecipeModels.swift; sourceTree = "<group>"; };
		E36FC12F28282CEF002B0416 /* RecipeInteractor.swift */ = {isa = PBXFileReference; lastKnownFileType = sourcecode.swift; path = RecipeInteractor.swift; sourceTree = "<group>"; };
		E374C0992836D9A2003FB5B5 /* RecipeViewController.swift */ = {isa = PBXFileReference; lastKnownFileType = sourcecode.swift; path = RecipeViewController.swift; sourceTree = "<group>"; };
		E374C09A2836D9A2003FB5B5 /* RecipeViewController.xib */ = {isa = PBXFileReference; lastKnownFileType = file.xib; path = RecipeViewController.xib; sourceTree = "<group>"; };
		E37DB02E284BEB680093625B /* Give Me RecipeUITests-Bridging-Header.h */ = {isa = PBXFileReference; lastKnownFileType = sourcecode.c.h; path = "Give Me RecipeUITests-Bridging-Header.h"; sourceTree = "<group>"; };
		E37DB02F284BEB680093625B /* MainViewControllerUITests.swift */ = {isa = PBXFileReference; lastKnownFileType = sourcecode.swift; path = MainViewControllerUITests.swift; sourceTree = "<group>"; };
		E3A7AEC92826CB8600387185 /* MainScreenPresenter.swift */ = {isa = PBXFileReference; lastKnownFileType = sourcecode.swift; path = MainScreenPresenter.swift; sourceTree = "<group>"; };
		E3A7AECA2826CB8600387185 /* MainScreenWorker.swift */ = {isa = PBXFileReference; lastKnownFileType = sourcecode.swift; path = MainScreenWorker.swift; sourceTree = "<group>"; };
		E3A7AECB2826CB8600387185 /* MainScreenRouter.swift */ = {isa = PBXFileReference; lastKnownFileType = sourcecode.swift; path = MainScreenRouter.swift; sourceTree = "<group>"; };
		E3A7AECC2826CB8600387185 /* MainScreenModels.swift */ = {isa = PBXFileReference; lastKnownFileType = sourcecode.swift; path = MainScreenModels.swift; sourceTree = "<group>"; };
		E3A7AECD2826CB8600387185 /* MainScreenViewController.swift */ = {isa = PBXFileReference; lastKnownFileType = sourcecode.swift; path = MainScreenViewController.swift; sourceTree = "<group>"; };
		E3A7AECE2826CB8600387185 /* MainScreenInteractor.swift */ = {isa = PBXFileReference; lastKnownFileType = sourcecode.swift; path = MainScreenInteractor.swift; sourceTree = "<group>"; };
		E3A7AECF2826CB8600387185 /* MainScreenViewController.xib */ = {isa = PBXFileReference; lastKnownFileType = file.xib; path = MainScreenViewController.xib; sourceTree = "<group>"; };
		E3B2BEB22843B2BF00235FCA /* RecipeViewHeightCalculated.swift */ = {isa = PBXFileReference; lastKnownFileType = sourcecode.swift; path = RecipeViewHeightCalculated.swift; sourceTree = "<group>"; };
		E3B2BEB52843B49900235FCA /* Constants.swift */ = {isa = PBXFileReference; lastKnownFileType = sourcecode.swift; path = Constants.swift; sourceTree = "<group>"; };
		E3B2BEB72843BAE700235FCA /* String + Height.swift */ = {isa = PBXFileReference; fileEncoding = 4; lastKnownFileType = sourcecode.swift; name = "String + Height.swift"; path = "../../../../Library/Mobile Documents/com~apple~CloudDocs/Программирование/vk/VkNewsFeed/VkNewsFeed/Helpers/String + Height.swift"; sourceTree = "<group>"; };
		E3C4DFE22854D32600331537 /* MyFavouritreRecipe.xcdatamodel */ = {isa = PBXFileReference; lastKnownFileType = wrapper.xcdatamodel; path = MyFavouritreRecipe.xcdatamodel; sourceTree = "<group>"; };
		E3C87AE12852A28600F1E615 /* DataManager.swift */ = {isa = PBXFileReference; lastKnownFileType = sourcecode.swift; path = DataManager.swift; sourceTree = "<group>"; };
		E3D90916284AA53100DAC8DF /* MainScreenViewControllerTests.swift */ = {isa = PBXFileReference; lastKnownFileType = sourcecode.swift; path = MainScreenViewControllerTests.swift; sourceTree = "<group>"; };
		E3E2EEB7282AFD10009FDB97 /* SearchResponse.swift */ = {isa = PBXFileReference; lastKnownFileType = sourcecode.swift; path = SearchResponse.swift; sourceTree = "<group>"; };
		E3F745B0282D98F200377A3A /* NetworkService.swift */ = {isa = PBXFileReference; lastKnownFileType = sourcecode.swift; path = NetworkService.swift; sourceTree = "<group>"; };
		E3F745B4282D9D3C00377A3A /* MealURLRequests.swift */ = {isa = PBXFileReference; lastKnownFileType = sourcecode.swift; path = MealURLRequests.swift; sourceTree = "<group>"; };
		F0F5FF3B1253F3325A6FDEBC /* Pods_Give_Me_RecipeTests.framework */ = {isa = PBXFileReference; explicitFileType = wrapper.framework; includeInIndex = 0; path = Pods_Give_Me_RecipeTests.framework; sourceTree = BUILT_PRODUCTS_DIR; };
		F830715E24D1705034250078 /* Pods_Give_Me_Recipe.framework */ = {isa = PBXFileReference; explicitFileType = wrapper.framework; includeInIndex = 0; path = Pods_Give_Me_Recipe.framework; sourceTree = BUILT_PRODUCTS_DIR; };
/* End PBXFileReference section */

/* Begin PBXFrameworksBuildPhase section */
		E32D4E8F2826BF1C00E4F6F3 /* Frameworks */ = {
			isa = PBXFrameworksBuildPhase;
			buildActionMask = 2147483647;
			files = (
				EE2F58C30EB377ECEDE7BD35 /* Pods_Give_Me_Recipe.framework in Frameworks */,
			);
			runOnlyForDeploymentPostprocessing = 0;
		};
		E32D4EA52826BF1D00E4F6F3 /* Frameworks */ = {
			isa = PBXFrameworksBuildPhase;
			buildActionMask = 2147483647;
			files = (
				79899694657B764F02FBF60C /* Pods_Give_Me_RecipeTests.framework in Frameworks */,
			);
			runOnlyForDeploymentPostprocessing = 0;
		};
		E32D4EAF2826BF1D00E4F6F3 /* Frameworks */ = {
			isa = PBXFrameworksBuildPhase;
			buildActionMask = 2147483647;
			files = (
				C32C3742B3E4A1A4100931A3 /* Pods_Give_Me_Recipe_Give_Me_RecipeUITests.framework in Frameworks */,
			);
			runOnlyForDeploymentPostprocessing = 0;
		};
/* End PBXFrameworksBuildPhase section */

/* Begin PBXGroup section */
		071EAF8202D4609957ACD27C /* Frameworks */ = {
			isa = PBXGroup;
			children = (
				F830715E24D1705034250078 /* Pods_Give_Me_Recipe.framework */,
				C94BD224EB10C8046F3F34D2 /* Pods_Give_Me_Recipe_Give_Me_RecipeUITests.framework */,
				F0F5FF3B1253F3325A6FDEBC /* Pods_Give_Me_RecipeTests.framework */,
			);
			name = Frameworks;
			sourceTree = "<group>";
		};
		928E7758F6592D02822A51EC /* Pods */ = {
			isa = PBXGroup;
			children = (
				81D8445FD57E3DEE74A7FAFA /* Pods-Give Me Recipe.debug.xcconfig */,
				9531A714C696DB3CFE170F74 /* Pods-Give Me Recipe.release.xcconfig */,
				02A2A3A1AABE8DC6314EDC84 /* Pods-Give Me Recipe-Give Me RecipeUITests.debug.xcconfig */,
				D69FE299C9DDCC5AF7C162B3 /* Pods-Give Me Recipe-Give Me RecipeUITests.release.xcconfig */,
				810F6B33F11D819E658FB1A5 /* Pods-Give Me RecipeTests.debug.xcconfig */,
				3822CE708CC8C674A41CBE4E /* Pods-Give Me RecipeTests.release.xcconfig */,
			);
			path = Pods;
			sourceTree = "<group>";
		};
		E31D4AAF284FE45900D827DF /* ViewControllers */ = {
			isa = PBXGroup;
			children = (
				E3A7AEC82826CB6300387185 /* Main Screen */,
				E36FC12928282CB6002B0416 /* RecipeScreen */,
				E31D4AB0284FE47E00D827DF /* Favourite Recipes */,
			);
			path = ViewControllers;
			sourceTree = "<group>";
		};
		E31D4AB0284FE47E00D827DF /* Favourite Recipes */ = {
			isa = PBXGroup;
			children = (
				E31D4AB5284FE4DF00D827DF /* FavouriteRecipesViewController.swift */,
				E31D4AB6284FE4DF00D827DF /* FavouriteRecipesInteractor.swift */,
				E31D4AB1284FE4DF00D827DF /* FavouriteRecipesPresenter.swift */,
				E31D4AB2284FE4DF00D827DF /* FavouriteRecipesWorker.swift */,
				E31D4AB3284FE4DF00D827DF /* FavouriteRecipesRouter.swift */,
				E31D4AB4284FE4DF00D827DF /* FavouriteRecipesModels.swift */,
			);
			path = "Favourite Recipes";
			sourceTree = "<group>";
		};
		E322E0BF28280ACC0005372C /* Helpers */ = {
			isa = PBXGroup;
			children = (
				E322E0BD28280AAE0005372C /* Constraints.swift */,
				E3B2BEB72843BAE700235FCA /* String + Height.swift */,
			);
			path = Helpers;
			sourceTree = "<group>";
		};
		E32D4E892826BF1B00E4F6F3 = {
			isa = PBXGroup;
			children = (
				E32D4E942826BF1C00E4F6F3 /* Give Me Recipe */,
				E32D4EAB2826BF1D00E4F6F3 /* Give Me RecipeTests */,
				E32D4EB52826BF1D00E4F6F3 /* Give Me RecipeUITests */,
				E32D4E932826BF1C00E4F6F3 /* Products */,
				928E7758F6592D02822A51EC /* Pods */,
				071EAF8202D4609957ACD27C /* Frameworks */,
			);
			sourceTree = "<group>";
		};
		E32D4E932826BF1C00E4F6F3 /* Products */ = {
			isa = PBXGroup;
			children = (
				E32D4E922826BF1C00E4F6F3 /* Give Me Recipe.app */,
				E32D4EA82826BF1D00E4F6F3 /* Give Me RecipeTests.xctest */,
				E32D4EB22826BF1D00E4F6F3 /* Give Me RecipeUITests.xctest */,
			);
			name = Products;
			sourceTree = "<group>";
		};
		E32D4E942826BF1C00E4F6F3 /* Give Me Recipe */ = {
			isa = PBXGroup;
			children = (
				E31D4AAF284FE45900D827DF /* ViewControllers */,
				E32D4E952826BF1C00E4F6F3 /* AppDelegate.swift */,
				E32D4E972826BF1C00E4F6F3 /* SceneDelegate.swift */,
				E3F745AF282D98BE00377A3A /* Services */,
				E322E0BF28280ACC0005372C /* Helpers */,
				E32D4E9B2826BF1C00E4F6F3 /* Main.storyboard */,
				E32D4E9E2826BF1D00E4F6F3 /* Assets.xcassets */,
				E32D4EA02826BF1D00E4F6F3 /* LaunchScreen.storyboard */,
				E32D4EA32826BF1D00E4F6F3 /* Info.plist */,
			);
			path = "Give Me Recipe";
			sourceTree = "<group>";
		};
		E32D4EAB2826BF1D00E4F6F3 /* Give Me RecipeTests */ = {
			isa = PBXGroup;
			children = (
				E3D90915284AA44D00DAC8DF /* ViewControllers */,
			);
			path = "Give Me RecipeTests";
			sourceTree = "<group>";
		};
		E32D4EB52826BF1D00E4F6F3 /* Give Me RecipeUITests */ = {
			isa = PBXGroup;
			children = (
				E37DB02F284BEB680093625B /* MainViewControllerUITests.swift */,
				E37DB02E284BEB680093625B /* Give Me RecipeUITests-Bridging-Header.h */,
			);
			path = "Give Me RecipeUITests";
			sourceTree = "<group>";
		};
		E36FC12928282CB6002B0416 /* RecipeScreen */ = {
			isa = PBXGroup;
			children = (
				E3B2BEB42843B48100235FCA /* ViewHeight */,
				E374C09A2836D9A2003FB5B5 /* RecipeViewController.xib */,
				E374C0992836D9A2003FB5B5 /* RecipeViewController.swift */,
				E36FC12F28282CEF002B0416 /* RecipeInteractor.swift */,
				E36FC12A28282CEF002B0416 /* RecipePresenter.swift */,
				E36FC12B28282CEF002B0416 /* RecipeWorker.swift */,
				E36FC12C28282CEF002B0416 /* RecipeRouter.swift */,
				E36FC12D28282CEF002B0416 /* RecipeModels.swift */,
			);
			path = RecipeScreen;
			sourceTree = "<group>";
		};
		E3A7AEC82826CB6300387185 /* Main Screen */ = {
			isa = PBXGroup;
			children = (
				E3A7AECF2826CB8600387185 /* MainScreenViewController.xib */,
				E3A7AECD2826CB8600387185 /* MainScreenViewController.swift */,
				E3A7AECE2826CB8600387185 /* MainScreenInteractor.swift */,
				E3A7AECA2826CB8600387185 /* MainScreenWorker.swift */,
				E3A7AEC92826CB8600387185 /* MainScreenPresenter.swift */,
				E3A7AECB2826CB8600387185 /* MainScreenRouter.swift */,
				E3A7AECC2826CB8600387185 /* MainScreenModels.swift */,
			);
			path = "Main Screen";
			sourceTree = "<group>";
		};
		E3B2BEB42843B48100235FCA /* ViewHeight */ = {
			isa = PBXGroup;
			children = (
				E3B2BEB22843B2BF00235FCA /* RecipeViewHeightCalculated.swift */,
				E3B2BEB52843B49900235FCA /* Constants.swift */,
			);
			path = ViewHeight;
			sourceTree = "<group>";
		};
		E3D90915284AA44D00DAC8DF /* ViewControllers */ = {
			isa = PBXGroup;
			children = (
				E3D90916284AA53100DAC8DF /* MainScreenViewControllerTests.swift */,
				E34652D7284CF8B800B5FF3F /* RecipeViewCotrollerTests.swift */,
			);
			path = ViewControllers;
			sourceTree = "<group>";
		};
		E3E2EEB6282AFCE2009FDB97 /* Models */ = {
			isa = PBXGroup;
			children = (
				E3E2EEB7282AFD10009FDB97 /* SearchResponse.swift */,
				E3C4DFE12854D32600331537 /* MyFavouriteRecipe.xcdatamodeld */,
			);
			path = Models;
			sourceTree = "<group>";
		};
		E3F745AF282D98BE00377A3A /* Services */ = {
			isa = PBXGroup;
			children = (
				E3E2EEB6282AFCE2009FDB97 /* Models */,
				E340EB8F2829B1C3005982BE /* NavigationViewController.swift */,
				E3F745B0282D98F200377A3A /* NetworkService.swift */,
				E3F745B4282D9D3C00377A3A /* MealURLRequests.swift */,
				E3C87AE12852A28600F1E615 /* DataManager.swift */,
			);
			path = Services;
			sourceTree = "<group>";
		};
/* End PBXGroup section */

/* Begin PBXNativeTarget section */
		E32D4E912826BF1C00E4F6F3 /* Give Me Recipe */ = {
			isa = PBXNativeTarget;
			buildConfigurationList = E32D4EBC2826BF1D00E4F6F3 /* Build configuration list for PBXNativeTarget "Give Me Recipe" */;
			buildPhases = (
				5AE6904819483546C592BE28 /* [CP] Check Pods Manifest.lock */,
				E32D4E8E2826BF1C00E4F6F3 /* Sources */,
				E32D4E8F2826BF1C00E4F6F3 /* Frameworks */,
				E32D4E902826BF1C00E4F6F3 /* Resources */,
				C8BB50AAD9B972E052EE5EE5 /* [CP] Embed Pods Frameworks */,
			);
			buildRules = (
			);
			dependencies = (
			);
			name = "Give Me Recipe";
			productName = "Give Me Recipe";
			productReference = E32D4E922826BF1C00E4F6F3 /* Give Me Recipe.app */;
			productType = "com.apple.product-type.application";
		};
		E32D4EA72826BF1D00E4F6F3 /* Give Me RecipeTests */ = {
			isa = PBXNativeTarget;
			buildConfigurationList = E32D4EBF2826BF1D00E4F6F3 /* Build configuration list for PBXNativeTarget "Give Me RecipeTests" */;
			buildPhases = (
				8F2C4C99BBE22A3B507CD897 /* [CP] Check Pods Manifest.lock */,
				E32D4EA42826BF1D00E4F6F3 /* Sources */,
				E32D4EA52826BF1D00E4F6F3 /* Frameworks */,
				E32D4EA62826BF1D00E4F6F3 /* Resources */,
			);
			buildRules = (
			);
			dependencies = (
				E32D4EAA2826BF1D00E4F6F3 /* PBXTargetDependency */,
			);
			name = "Give Me RecipeTests";
			productName = "Give Me RecipeTests";
			productReference = E32D4EA82826BF1D00E4F6F3 /* Give Me RecipeTests.xctest */;
			productType = "com.apple.product-type.bundle.unit-test";
		};
		E32D4EB12826BF1D00E4F6F3 /* Give Me RecipeUITests */ = {
			isa = PBXNativeTarget;
			buildConfigurationList = E32D4EC22826BF1D00E4F6F3 /* Build configuration list for PBXNativeTarget "Give Me RecipeUITests" */;
			buildPhases = (
				DEDECFF4B13D9855DB99D108 /* [CP] Check Pods Manifest.lock */,
				E32D4EAE2826BF1D00E4F6F3 /* Sources */,
				E32D4EAF2826BF1D00E4F6F3 /* Frameworks */,
				E32D4EB02826BF1D00E4F6F3 /* Resources */,
				49020704885F1E3D02ABCD9F /* [CP] Embed Pods Frameworks */,
			);
			buildRules = (
			);
			dependencies = (
				E32D4EB42826BF1D00E4F6F3 /* PBXTargetDependency */,
			);
			name = "Give Me RecipeUITests";
			productName = "Give Me RecipeUITests";
			productReference = E32D4EB22826BF1D00E4F6F3 /* Give Me RecipeUITests.xctest */;
			productType = "com.apple.product-type.bundle.ui-testing";
		};
/* End PBXNativeTarget section */

/* Begin PBXProject section */
		E32D4E8A2826BF1B00E4F6F3 /* Project object */ = {
			isa = PBXProject;
			attributes = {
				BuildIndependentTargetsInParallel = 1;
				LastSwiftUpdateCheck = 1330;
				LastUpgradeCheck = 1330;
				TargetAttributes = {
					E32D4E912826BF1C00E4F6F3 = {
						CreatedOnToolsVersion = 13.3.1;
					};
					E32D4EA72826BF1D00E4F6F3 = {
						CreatedOnToolsVersion = 13.3.1;
						TestTargetID = E32D4E912826BF1C00E4F6F3;
					};
					E32D4EB12826BF1D00E4F6F3 = {
						CreatedOnToolsVersion = 13.3.1;
						LastSwiftMigration = 1330;
						TestTargetID = E32D4E912826BF1C00E4F6F3;
					};
				};
			};
			buildConfigurationList = E32D4E8D2826BF1B00E4F6F3 /* Build configuration list for PBXProject "Give Me Recipe" */;
			compatibilityVersion = "Xcode 13.0";
			developmentRegion = en;
			hasScannedForEncodings = 0;
			knownRegions = (
				en,
				Base,
			);
			mainGroup = E32D4E892826BF1B00E4F6F3;
			productRefGroup = E32D4E932826BF1C00E4F6F3 /* Products */;
			projectDirPath = "";
			projectRoot = "";
			targets = (
				E32D4E912826BF1C00E4F6F3 /* Give Me Recipe */,
				E32D4EA72826BF1D00E4F6F3 /* Give Me RecipeTests */,
				E32D4EB12826BF1D00E4F6F3 /* Give Me RecipeUITests */,
			);
		};
/* End PBXProject section */

/* Begin PBXResourcesBuildPhase section */
		E32D4E902826BF1C00E4F6F3 /* Resources */ = {
			isa = PBXResourcesBuildPhase;
			buildActionMask = 2147483647;
			files = (
				E32D4EA22826BF1D00E4F6F3 /* LaunchScreen.storyboard in Resources */,
				E3A7AED62826CB8600387185 /* MainScreenViewController.xib in Resources */,
				E374C09C2836D9A2003FB5B5 /* RecipeViewController.xib in Resources */,
				E32D4E9F2826BF1D00E4F6F3 /* Assets.xcassets in Resources */,
				E32D4E9D2826BF1C00E4F6F3 /* Main.storyboard in Resources */,
			);
			runOnlyForDeploymentPostprocessing = 0;
		};
		E32D4EA62826BF1D00E4F6F3 /* Resources */ = {
			isa = PBXResourcesBuildPhase;
			buildActionMask = 2147483647;
			files = (
			);
			runOnlyForDeploymentPostprocessing = 0;
		};
		E32D4EB02826BF1D00E4F6F3 /* Resources */ = {
			isa = PBXResourcesBuildPhase;
			buildActionMask = 2147483647;
			files = (
			);
			runOnlyForDeploymentPostprocessing = 0;
		};
/* End PBXResourcesBuildPhase section */

/* Begin PBXShellScriptBuildPhase section */
		49020704885F1E3D02ABCD9F /* [CP] Embed Pods Frameworks */ = {
			isa = PBXShellScriptBuildPhase;
			buildActionMask = 2147483647;
			files = (
			);
			inputFileListPaths = (
				"${PODS_ROOT}/Target Support Files/Pods-Give Me Recipe-Give Me RecipeUITests/Pods-Give Me Recipe-Give Me RecipeUITests-frameworks-${CONFIGURATION}-input-files.xcfilelist",
			);
			name = "[CP] Embed Pods Frameworks";
			outputFileListPaths = (
				"${PODS_ROOT}/Target Support Files/Pods-Give Me Recipe-Give Me RecipeUITests/Pods-Give Me Recipe-Give Me RecipeUITests-frameworks-${CONFIGURATION}-output-files.xcfilelist",
			);
			runOnlyForDeploymentPostprocessing = 0;
			shellPath = /bin/sh;
			shellScript = "\"${PODS_ROOT}/Target Support Files/Pods-Give Me Recipe-Give Me RecipeUITests/Pods-Give Me Recipe-Give Me RecipeUITests-frameworks.sh\"\n";
			showEnvVarsInLog = 0;
		};
		5AE6904819483546C592BE28 /* [CP] Check Pods Manifest.lock */ = {
			isa = PBXShellScriptBuildPhase;
			buildActionMask = 2147483647;
			files = (
			);
			inputFileListPaths = (
			);
			inputPaths = (
				"${PODS_PODFILE_DIR_PATH}/Podfile.lock",
				"${PODS_ROOT}/Manifest.lock",
			);
			name = "[CP] Check Pods Manifest.lock";
			outputFileListPaths = (
			);
			outputPaths = (
				"$(DERIVED_FILE_DIR)/Pods-Give Me Recipe-checkManifestLockResult.txt",
			);
			runOnlyForDeploymentPostprocessing = 0;
			shellPath = /bin/sh;
			shellScript = "diff \"${PODS_PODFILE_DIR_PATH}/Podfile.lock\" \"${PODS_ROOT}/Manifest.lock\" > /dev/null\nif [ $? != 0 ] ; then\n    # print error to STDERR\n    echo \"error: The sandbox is not in sync with the Podfile.lock. Run 'pod install' or update your CocoaPods installation.\" >&2\n    exit 1\nfi\n# This output is used by Xcode 'outputs' to avoid re-running this script phase.\necho \"SUCCESS\" > \"${SCRIPT_OUTPUT_FILE_0}\"\n";
			showEnvVarsInLog = 0;
		};
		8F2C4C99BBE22A3B507CD897 /* [CP] Check Pods Manifest.lock */ = {
			isa = PBXShellScriptBuildPhase;
			buildActionMask = 2147483647;
			files = (
			);
			inputFileListPaths = (
			);
			inputPaths = (
				"${PODS_PODFILE_DIR_PATH}/Podfile.lock",
				"${PODS_ROOT}/Manifest.lock",
			);
			name = "[CP] Check Pods Manifest.lock";
			outputFileListPaths = (
			);
			outputPaths = (
				"$(DERIVED_FILE_DIR)/Pods-Give Me RecipeTests-checkManifestLockResult.txt",
			);
			runOnlyForDeploymentPostprocessing = 0;
			shellPath = /bin/sh;
			shellScript = "diff \"${PODS_PODFILE_DIR_PATH}/Podfile.lock\" \"${PODS_ROOT}/Manifest.lock\" > /dev/null\nif [ $? != 0 ] ; then\n    # print error to STDERR\n    echo \"error: The sandbox is not in sync with the Podfile.lock. Run 'pod install' or update your CocoaPods installation.\" >&2\n    exit 1\nfi\n# This output is used by Xcode 'outputs' to avoid re-running this script phase.\necho \"SUCCESS\" > \"${SCRIPT_OUTPUT_FILE_0}\"\n";
			showEnvVarsInLog = 0;
		};
		C8BB50AAD9B972E052EE5EE5 /* [CP] Embed Pods Frameworks */ = {
			isa = PBXShellScriptBuildPhase;
			buildActionMask = 2147483647;
			files = (
			);
			inputFileListPaths = (
				"${PODS_ROOT}/Target Support Files/Pods-Give Me Recipe/Pods-Give Me Recipe-frameworks-${CONFIGURATION}-input-files.xcfilelist",
			);
			name = "[CP] Embed Pods Frameworks";
			outputFileListPaths = (
				"${PODS_ROOT}/Target Support Files/Pods-Give Me Recipe/Pods-Give Me Recipe-frameworks-${CONFIGURATION}-output-files.xcfilelist",
			);
			runOnlyForDeploymentPostprocessing = 0;
			shellPath = /bin/sh;
			shellScript = "\"${PODS_ROOT}/Target Support Files/Pods-Give Me Recipe/Pods-Give Me Recipe-frameworks.sh\"\n";
			showEnvVarsInLog = 0;
		};
		DEDECFF4B13D9855DB99D108 /* [CP] Check Pods Manifest.lock */ = {
			isa = PBXShellScriptBuildPhase;
			buildActionMask = 2147483647;
			files = (
			);
			inputFileListPaths = (
			);
			inputPaths = (
				"${PODS_PODFILE_DIR_PATH}/Podfile.lock",
				"${PODS_ROOT}/Manifest.lock",
			);
			name = "[CP] Check Pods Manifest.lock";
			outputFileListPaths = (
			);
			outputPaths = (
				"$(DERIVED_FILE_DIR)/Pods-Give Me Recipe-Give Me RecipeUITests-checkManifestLockResult.txt",
			);
			runOnlyForDeploymentPostprocessing = 0;
			shellPath = /bin/sh;
			shellScript = "diff \"${PODS_PODFILE_DIR_PATH}/Podfile.lock\" \"${PODS_ROOT}/Manifest.lock\" > /dev/null\nif [ $? != 0 ] ; then\n    # print error to STDERR\n    echo \"error: The sandbox is not in sync with the Podfile.lock. Run 'pod install' or update your CocoaPods installation.\" >&2\n    exit 1\nfi\n# This output is used by Xcode 'outputs' to avoid re-running this script phase.\necho \"SUCCESS\" > \"${SCRIPT_OUTPUT_FILE_0}\"\n";
			showEnvVarsInLog = 0;
		};
/* End PBXShellScriptBuildPhase section */

/* Begin PBXSourcesBuildPhase section */
		E32D4E8E2826BF1C00E4F6F3 /* Sources */ = {
			isa = PBXSourcesBuildPhase;
			buildActionMask = 2147483647;
			files = (
				E31D4ABA284FE4DF00D827DF /* FavouriteRecipesRouter.swift in Sources */,
				E3C87AE22852A28600F1E615 /* DataManager.swift in Sources */,
				E36FC13428282CEF002B0416 /* RecipeModels.swift in Sources */,
				E3B2BEB82843BAE700235FCA /* String + Height.swift in Sources */,
				E36FC13628282CEF002B0416 /* RecipeInteractor.swift in Sources */,
				E3A7AED12826CB8600387185 /* MainScreenWorker.swift in Sources */,
				E31D4ABB284FE4DF00D827DF /* FavouriteRecipesModels.swift in Sources */,
				E374C09B2836D9A2003FB5B5 /* RecipeViewController.swift in Sources */,
				E3F745B1282D98F200377A3A /* NetworkService.swift in Sources */,
				E3D33C702856518F00B0983D /* MyFavouriteRecipe.xcdatamodeld in Sources */,
				E31D4ABD284FE4DF00D827DF /* FavouriteRecipesInteractor.swift in Sources */,
				E3A7AED32826CB8600387185 /* MainScreenModels.swift in Sources */,
				E36FC13228282CEF002B0416 /* RecipeWorker.swift in Sources */,
				E322E0BE28280AAE0005372C /* Constraints.swift in Sources */,
				E31D4AB9284FE4DF00D827DF /* FavouriteRecipesWorker.swift in Sources */,
				E3A7AED02826CB8600387185 /* MainScreenPresenter.swift in Sources */,
				E31D4ABC284FE4DF00D827DF /* FavouriteRecipesViewController.swift in Sources */,
				E3F745B5282D9D3C00377A3A /* MealURLRequests.swift in Sources */,
				E3B2BEB32843B2BF00235FCA /* RecipeViewHeightCalculated.swift in Sources */,
				E3B2BEB62843B49900235FCA /* Constants.swift in Sources */,
				E340EB902829B1C3005982BE /* NavigationViewController.swift in Sources */,
				E3A7AED22826CB8600387185 /* MainScreenRouter.swift in Sources */,
				E36FC13328282CEF002B0416 /* RecipeRouter.swift in Sources */,
				E3A7AED42826CB8600387185 /* MainScreenViewController.swift in Sources */,
				E3E2EEB8282AFD10009FDB97 /* SearchResponse.swift in Sources */,
				E31D4AB8284FE4DF00D827DF /* FavouriteRecipesPresenter.swift in Sources */,
				E32D4E962826BF1C00E4F6F3 /* AppDelegate.swift in Sources */,
				E32D4E982826BF1C00E4F6F3 /* SceneDelegate.swift in Sources */,
				E36FC13128282CEF002B0416 /* RecipePresenter.swift in Sources */,
				E3A7AED52826CB8600387185 /* MainScreenInteractor.swift in Sources */,
			);
			runOnlyForDeploymentPostprocessing = 0;
		};
		E32D4EA42826BF1D00E4F6F3 /* Sources */ = {
			isa = PBXSourcesBuildPhase;
			buildActionMask = 2147483647;
			files = (
				E3D90917284AA53100DAC8DF /* MainScreenViewControllerTests.swift in Sources */,
				E34652D8284CF8B800B5FF3F /* RecipeViewCotrollerTests.swift in Sources */,
			);
			runOnlyForDeploymentPostprocessing = 0;
		};
		E32D4EAE2826BF1D00E4F6F3 /* Sources */ = {
			isa = PBXSourcesBuildPhase;
			buildActionMask = 2147483647;
			files = (
				E37DB030284BEB680093625B /* MainViewControllerUITests.swift in Sources */,
			);
			runOnlyForDeploymentPostprocessing = 0;
		};
/* End PBXSourcesBuildPhase section */

/* Begin PBXTargetDependency section */
		E32D4EAA2826BF1D00E4F6F3 /* PBXTargetDependency */ = {
			isa = PBXTargetDependency;
			target = E32D4E912826BF1C00E4F6F3 /* Give Me Recipe */;
			targetProxy = E32D4EA92826BF1D00E4F6F3 /* PBXContainerItemProxy */;
		};
		E32D4EB42826BF1D00E4F6F3 /* PBXTargetDependency */ = {
			isa = PBXTargetDependency;
			target = E32D4E912826BF1C00E4F6F3 /* Give Me Recipe */;
			targetProxy = E32D4EB32826BF1D00E4F6F3 /* PBXContainerItemProxy */;
		};
/* End PBXTargetDependency section */

/* Begin PBXVariantGroup section */
		E32D4E9B2826BF1C00E4F6F3 /* Main.storyboard */ = {
			isa = PBXVariantGroup;
			children = (
				E32D4E9C2826BF1C00E4F6F3 /* Base */,
			);
			name = Main.storyboard;
			sourceTree = "<group>";
		};
		E32D4EA02826BF1D00E4F6F3 /* LaunchScreen.storyboard */ = {
			isa = PBXVariantGroup;
			children = (
				E32D4EA12826BF1D00E4F6F3 /* Base */,
			);
			name = LaunchScreen.storyboard;
			sourceTree = "<group>";
		};
/* End PBXVariantGroup section */

/* Begin XCBuildConfiguration section */
		E32D4EBA2826BF1D00E4F6F3 /* Debug */ = {
			isa = XCBuildConfiguration;
			buildSettings = {
				ALWAYS_SEARCH_USER_PATHS = NO;
				CLANG_ANALYZER_NONNULL = YES;
				CLANG_ANALYZER_NUMBER_OBJECT_CONVERSION = YES_AGGRESSIVE;
				CLANG_CXX_LANGUAGE_STANDARD = "gnu++17";
				CLANG_ENABLE_MODULES = YES;
				CLANG_ENABLE_OBJC_ARC = YES;
				CLANG_ENABLE_OBJC_WEAK = YES;
				CLANG_WARN_BLOCK_CAPTURE_AUTORELEASING = YES;
				CLANG_WARN_BOOL_CONVERSION = YES;
				CLANG_WARN_COMMA = YES;
				CLANG_WARN_CONSTANT_CONVERSION = YES;
				CLANG_WARN_DEPRECATED_OBJC_IMPLEMENTATIONS = YES;
				CLANG_WARN_DIRECT_OBJC_ISA_USAGE = YES_ERROR;
				CLANG_WARN_DOCUMENTATION_COMMENTS = YES;
				CLANG_WARN_EMPTY_BODY = YES;
				CLANG_WARN_ENUM_CONVERSION = YES;
				CLANG_WARN_INFINITE_RECURSION = YES;
				CLANG_WARN_INT_CONVERSION = YES;
				CLANG_WARN_NON_LITERAL_NULL_CONVERSION = YES;
				CLANG_WARN_OBJC_IMPLICIT_RETAIN_SELF = YES;
				CLANG_WARN_OBJC_LITERAL_CONVERSION = YES;
				CLANG_WARN_OBJC_ROOT_CLASS = YES_ERROR;
				CLANG_WARN_QUOTED_INCLUDE_IN_FRAMEWORK_HEADER = YES;
				CLANG_WARN_RANGE_LOOP_ANALYSIS = YES;
				CLANG_WARN_STRICT_PROTOTYPES = YES;
				CLANG_WARN_SUSPICIOUS_MOVE = YES;
				CLANG_WARN_UNGUARDED_AVAILABILITY = YES_AGGRESSIVE;
				CLANG_WARN_UNREACHABLE_CODE = YES;
				CLANG_WARN__DUPLICATE_METHOD_MATCH = YES;
				COPY_PHASE_STRIP = NO;
				DEBUG_INFORMATION_FORMAT = dwarf;
				ENABLE_STRICT_OBJC_MSGSEND = YES;
				ENABLE_TESTABILITY = YES;
				GCC_C_LANGUAGE_STANDARD = gnu11;
				GCC_DYNAMIC_NO_PIC = NO;
				GCC_NO_COMMON_BLOCKS = YES;
				GCC_OPTIMIZATION_LEVEL = 0;
				GCC_PREPROCESSOR_DEFINITIONS = (
					"DEBUG=1",
					"$(inherited)",
				);
				GCC_WARN_64_TO_32_BIT_CONVERSION = YES;
				GCC_WARN_ABOUT_RETURN_TYPE = YES_ERROR;
				GCC_WARN_UNDECLARED_SELECTOR = YES;
				GCC_WARN_UNINITIALIZED_AUTOS = YES_AGGRESSIVE;
				GCC_WARN_UNUSED_FUNCTION = YES;
				GCC_WARN_UNUSED_VARIABLE = YES;
				IPHONEOS_DEPLOYMENT_TARGET = 15.4;
				MTL_ENABLE_DEBUG_INFO = INCLUDE_SOURCE;
				MTL_FAST_MATH = YES;
				ONLY_ACTIVE_ARCH = YES;
				SDKROOT = iphoneos;
				SWIFT_ACTIVE_COMPILATION_CONDITIONS = DEBUG;
				SWIFT_OPTIMIZATION_LEVEL = "-Onone";
			};
			name = Debug;
		};
		E32D4EBB2826BF1D00E4F6F3 /* Release */ = {
			isa = XCBuildConfiguration;
			buildSettings = {
				ALWAYS_SEARCH_USER_PATHS = NO;
				CLANG_ANALYZER_NONNULL = YES;
				CLANG_ANALYZER_NUMBER_OBJECT_CONVERSION = YES_AGGRESSIVE;
				CLANG_CXX_LANGUAGE_STANDARD = "gnu++17";
				CLANG_ENABLE_MODULES = YES;
				CLANG_ENABLE_OBJC_ARC = YES;
				CLANG_ENABLE_OBJC_WEAK = YES;
				CLANG_WARN_BLOCK_CAPTURE_AUTORELEASING = YES;
				CLANG_WARN_BOOL_CONVERSION = YES;
				CLANG_WARN_COMMA = YES;
				CLANG_WARN_CONSTANT_CONVERSION = YES;
				CLANG_WARN_DEPRECATED_OBJC_IMPLEMENTATIONS = YES;
				CLANG_WARN_DIRECT_OBJC_ISA_USAGE = YES_ERROR;
				CLANG_WARN_DOCUMENTATION_COMMENTS = YES;
				CLANG_WARN_EMPTY_BODY = YES;
				CLANG_WARN_ENUM_CONVERSION = YES;
				CLANG_WARN_INFINITE_RECURSION = YES;
				CLANG_WARN_INT_CONVERSION = YES;
				CLANG_WARN_NON_LITERAL_NULL_CONVERSION = YES;
				CLANG_WARN_OBJC_IMPLICIT_RETAIN_SELF = YES;
				CLANG_WARN_OBJC_LITERAL_CONVERSION = YES;
				CLANG_WARN_OBJC_ROOT_CLASS = YES_ERROR;
				CLANG_WARN_QUOTED_INCLUDE_IN_FRAMEWORK_HEADER = YES;
				CLANG_WARN_RANGE_LOOP_ANALYSIS = YES;
				CLANG_WARN_STRICT_PROTOTYPES = YES;
				CLANG_WARN_SUSPICIOUS_MOVE = YES;
				CLANG_WARN_UNGUARDED_AVAILABILITY = YES_AGGRESSIVE;
				CLANG_WARN_UNREACHABLE_CODE = YES;
				CLANG_WARN__DUPLICATE_METHOD_MATCH = YES;
				COPY_PHASE_STRIP = NO;
				DEBUG_INFORMATION_FORMAT = "dwarf-with-dsym";
				ENABLE_NS_ASSERTIONS = NO;
				ENABLE_STRICT_OBJC_MSGSEND = YES;
				GCC_C_LANGUAGE_STANDARD = gnu11;
				GCC_NO_COMMON_BLOCKS = YES;
				GCC_WARN_64_TO_32_BIT_CONVERSION = YES;
				GCC_WARN_ABOUT_RETURN_TYPE = YES_ERROR;
				GCC_WARN_UNDECLARED_SELECTOR = YES;
				GCC_WARN_UNINITIALIZED_AUTOS = YES_AGGRESSIVE;
				GCC_WARN_UNUSED_FUNCTION = YES;
				GCC_WARN_UNUSED_VARIABLE = YES;
				IPHONEOS_DEPLOYMENT_TARGET = 15.4;
				MTL_ENABLE_DEBUG_INFO = NO;
				MTL_FAST_MATH = YES;
				SDKROOT = iphoneos;
				SWIFT_COMPILATION_MODE = wholemodule;
				SWIFT_OPTIMIZATION_LEVEL = "-O";
				VALIDATE_PRODUCT = YES;
			};
			name = Release;
		};
		E32D4EBD2826BF1D00E4F6F3 /* Debug */ = {
			isa = XCBuildConfiguration;
			baseConfigurationReference = 81D8445FD57E3DEE74A7FAFA /* Pods-Give Me Recipe.debug.xcconfig */;
			buildSettings = {
				ASSETCATALOG_COMPILER_APPICON_NAME = AppIcon;
				ASSETCATALOG_COMPILER_GLOBAL_ACCENT_COLOR_NAME = AccentColor;
				CODE_SIGN_STYLE = Automatic;
				CURRENT_PROJECT_VERSION = 1;
				DEVELOPMENT_TEAM = H3ANXAC362;
				GENERATE_INFOPLIST_FILE = YES;
				INFOPLIST_FILE = "Give Me Recipe/Info.plist";
				INFOPLIST_KEY_NSMainNibFile = MainScreenViewController;
				INFOPLIST_KEY_UIApplicationSupportsIndirectInputEvents = YES;
				INFOPLIST_KEY_UILaunchStoryboardName = LaunchScreen;
				INFOPLIST_KEY_UISupportedInterfaceOrientations = UIInterfaceOrientationPortrait;
				INFOPLIST_KEY_UISupportedInterfaceOrientations_iPad = "UIInterfaceOrientationPortrait UIInterfaceOrientationPortraitUpsideDown UIInterfaceOrientationLandscapeLeft UIInterfaceOrientationLandscapeRight";
				INFOPLIST_KEY_UISupportedInterfaceOrientations_iPhone = "UIInterfaceOrientationPortrait UIInterfaceOrientationLandscapeLeft UIInterfaceOrientationLandscapeRight";
				LD_RUNPATH_SEARCH_PATHS = (
					"$(inherited)",
					"@executable_path/Frameworks",
				);
				MARKETING_VERSION = 1.0;
				PRODUCT_BUNDLE_IDENTIFIER = "My.Give-Me-Recipe";
				PRODUCT_NAME = "$(TARGET_NAME)";
				SWIFT_EMIT_LOC_STRINGS = YES;
				SWIFT_VERSION = 5.0;
				TARGETED_DEVICE_FAMILY = "1,2";
			};
			name = Debug;
		};
		E32D4EBE2826BF1D00E4F6F3 /* Release */ = {
			isa = XCBuildConfiguration;
			baseConfigurationReference = 9531A714C696DB3CFE170F74 /* Pods-Give Me Recipe.release.xcconfig */;
			buildSettings = {
				ASSETCATALOG_COMPILER_APPICON_NAME = AppIcon;
				ASSETCATALOG_COMPILER_GLOBAL_ACCENT_COLOR_NAME = AccentColor;
				CODE_SIGN_STYLE = Automatic;
				CURRENT_PROJECT_VERSION = 1;
				DEVELOPMENT_TEAM = H3ANXAC362;
				GENERATE_INFOPLIST_FILE = YES;
				INFOPLIST_FILE = "Give Me Recipe/Info.plist";
				INFOPLIST_KEY_NSMainNibFile = MainScreenViewController;
				INFOPLIST_KEY_UIApplicationSupportsIndirectInputEvents = YES;
				INFOPLIST_KEY_UILaunchStoryboardName = LaunchScreen;
				INFOPLIST_KEY_UISupportedInterfaceOrientations = UIInterfaceOrientationPortrait;
				INFOPLIST_KEY_UISupportedInterfaceOrientations_iPad = "UIInterfaceOrientationPortrait UIInterfaceOrientationPortraitUpsideDown UIInterfaceOrientationLandscapeLeft UIInterfaceOrientationLandscapeRight";
				INFOPLIST_KEY_UISupportedInterfaceOrientations_iPhone = "UIInterfaceOrientationPortrait UIInterfaceOrientationLandscapeLeft UIInterfaceOrientationLandscapeRight";
				LD_RUNPATH_SEARCH_PATHS = (
					"$(inherited)",
					"@executable_path/Frameworks",
				);
				MARKETING_VERSION = 1.0;
				PRODUCT_BUNDLE_IDENTIFIER = "My.Give-Me-Recipe";
				PRODUCT_NAME = "$(TARGET_NAME)";
				SWIFT_EMIT_LOC_STRINGS = YES;
				SWIFT_VERSION = 5.0;
				TARGETED_DEVICE_FAMILY = "1,2";
			};
			name = Release;
		};
		E32D4EC02826BF1D00E4F6F3 /* Debug */ = {
			isa = XCBuildConfiguration;
			baseConfigurationReference = 810F6B33F11D819E658FB1A5 /* Pods-Give Me RecipeTests.debug.xcconfig */;
			buildSettings = {
				ALWAYS_EMBED_SWIFT_STANDARD_LIBRARIES = YES;
				BUNDLE_LOADER = "$(TEST_HOST)";
				CODE_SIGN_STYLE = Automatic;
				CURRENT_PROJECT_VERSION = 1;
				DEVELOPMENT_TEAM = H3ANXAC362;
				GENERATE_INFOPLIST_FILE = YES;
				IPHONEOS_DEPLOYMENT_TARGET = 15.4;
				MARKETING_VERSION = 1.0;
				PRODUCT_BUNDLE_IDENTIFIER = "My.Give-Me-RecipeTests";
				PRODUCT_NAME = "$(TARGET_NAME)";
				SWIFT_EMIT_LOC_STRINGS = NO;
				SWIFT_VERSION = 5.0;
				TARGETED_DEVICE_FAMILY = "1,2";
				TEST_HOST = "$(BUILT_PRODUCTS_DIR)/Give Me Recipe.app/Give Me Recipe";
			};
			name = Debug;
		};
		E32D4EC12826BF1D00E4F6F3 /* Release */ = {
			isa = XCBuildConfiguration;
			baseConfigurationReference = 3822CE708CC8C674A41CBE4E /* Pods-Give Me RecipeTests.release.xcconfig */;
			buildSettings = {
				ALWAYS_EMBED_SWIFT_STANDARD_LIBRARIES = YES;
				BUNDLE_LOADER = "$(TEST_HOST)";
				CODE_SIGN_STYLE = Automatic;
				CURRENT_PROJECT_VERSION = 1;
				DEVELOPMENT_TEAM = H3ANXAC362;
				GENERATE_INFOPLIST_FILE = YES;
				IPHONEOS_DEPLOYMENT_TARGET = 15.4;
				MARKETING_VERSION = 1.0;
				PRODUCT_BUNDLE_IDENTIFIER = "My.Give-Me-RecipeTests";
				PRODUCT_NAME = "$(TARGET_NAME)";
				SWIFT_EMIT_LOC_STRINGS = NO;
				SWIFT_VERSION = 5.0;
				TARGETED_DEVICE_FAMILY = "1,2";
				TEST_HOST = "$(BUILT_PRODUCTS_DIR)/Give Me Recipe.app/Give Me Recipe";
			};
			name = Release;
		};
		E32D4EC32826BF1D00E4F6F3 /* Debug */ = {
			isa = XCBuildConfiguration;
			baseConfigurationReference = 02A2A3A1AABE8DC6314EDC84 /* Pods-Give Me Recipe-Give Me RecipeUITests.debug.xcconfig */;
			buildSettings = {
				ALWAYS_EMBED_SWIFT_STANDARD_LIBRARIES = YES;
				CLANG_ENABLE_MODULES = YES;
				CODE_SIGN_STYLE = Automatic;
				CURRENT_PROJECT_VERSION = 1;
				DEVELOPMENT_TEAM = H3ANXAC362;
				GENERATE_INFOPLIST_FILE = YES;
				LD_RUNPATH_SEARCH_PATHS = (
					"$(inherited)",
					"@executable_path/Frameworks",
					"@loader_path/Frameworks",
				);
				MARKETING_VERSION = 1.0;
				PRODUCT_BUNDLE_IDENTIFIER = "My.Give-Me-RecipeUITests";
				PRODUCT_NAME = "$(TARGET_NAME)";
				SWIFT_EMIT_LOC_STRINGS = NO;
				SWIFT_OBJC_BRIDGING_HEADER = "Give Me RecipeUITests/Give Me RecipeUITests-Bridging-Header.h";
				SWIFT_OPTIMIZATION_LEVEL = "-Onone";
				SWIFT_VERSION = 5.0;
				TARGETED_DEVICE_FAMILY = "1,2";
				TEST_TARGET_NAME = "Give Me Recipe";
			};
			name = Debug;
		};
		E32D4EC42826BF1D00E4F6F3 /* Release */ = {
			isa = XCBuildConfiguration;
			baseConfigurationReference = D69FE299C9DDCC5AF7C162B3 /* Pods-Give Me Recipe-Give Me RecipeUITests.release.xcconfig */;
			buildSettings = {
				ALWAYS_EMBED_SWIFT_STANDARD_LIBRARIES = YES;
				CLANG_ENABLE_MODULES = YES;
				CODE_SIGN_STYLE = Automatic;
				CURRENT_PROJECT_VERSION = 1;
				DEVELOPMENT_TEAM = H3ANXAC362;
				GENERATE_INFOPLIST_FILE = YES;
				LD_RUNPATH_SEARCH_PATHS = (
					"$(inherited)",
					"@executable_path/Frameworks",
					"@loader_path/Frameworks",
				);
				MARKETING_VERSION = 1.0;
				PRODUCT_BUNDLE_IDENTIFIER = "My.Give-Me-RecipeUITests";
				PRODUCT_NAME = "$(TARGET_NAME)";
				SWIFT_EMIT_LOC_STRINGS = NO;
				SWIFT_OBJC_BRIDGING_HEADER = "Give Me RecipeUITests/Give Me RecipeUITests-Bridging-Header.h";
				SWIFT_VERSION = 5.0;
				TARGETED_DEVICE_FAMILY = "1,2";
				TEST_TARGET_NAME = "Give Me Recipe";
			};
			name = Release;
		};
/* End XCBuildConfiguration section */

/* Begin XCConfigurationList section */
		E32D4E8D2826BF1B00E4F6F3 /* Build configuration list for PBXProject "Give Me Recipe" */ = {
			isa = XCConfigurationList;
			buildConfigurations = (
				E32D4EBA2826BF1D00E4F6F3 /* Debug */,
				E32D4EBB2826BF1D00E4F6F3 /* Release */,
			);
			defaultConfigurationIsVisible = 0;
			defaultConfigurationName = Release;
		};
		E32D4EBC2826BF1D00E4F6F3 /* Build configuration list for PBXNativeTarget "Give Me Recipe" */ = {
			isa = XCConfigurationList;
			buildConfigurations = (
				E32D4EBD2826BF1D00E4F6F3 /* Debug */,
				E32D4EBE2826BF1D00E4F6F3 /* Release */,
			);
			defaultConfigurationIsVisible = 0;
			defaultConfigurationName = Release;
		};
		E32D4EBF2826BF1D00E4F6F3 /* Build configuration list for PBXNativeTarget "Give Me RecipeTests" */ = {
			isa = XCConfigurationList;
			buildConfigurations = (
				E32D4EC02826BF1D00E4F6F3 /* Debug */,
				E32D4EC12826BF1D00E4F6F3 /* Release */,
			);
			defaultConfigurationIsVisible = 0;
			defaultConfigurationName = Release;
		};
		E32D4EC22826BF1D00E4F6F3 /* Build configuration list for PBXNativeTarget "Give Me RecipeUITests" */ = {
			isa = XCConfigurationList;
			buildConfigurations = (
				E32D4EC32826BF1D00E4F6F3 /* Debug */,
				E32D4EC42826BF1D00E4F6F3 /* Release */,
			);
			defaultConfigurationIsVisible = 0;
			defaultConfigurationName = Release;
		};
/* End XCConfigurationList section */

/* Begin XCVersionGroup section */
		E3C4DFE12854D32600331537 /* MyFavouriteRecipe.xcdatamodeld */ = {
			isa = XCVersionGroup;
			children = (
				E3C4DFE22854D32600331537 /* MyFavouritreRecipe.xcdatamodel */,
			);
			currentVersion = E3C4DFE22854D32600331537 /* MyFavouritreRecipe.xcdatamodel */;
			path = MyFavouriteRecipe.xcdatamodeld;
			sourceTree = "<group>";
			versionGroupType = wrapper.xcdatamodel;
		};
/* End XCVersionGroup section */
	};
	rootObject = E32D4E8A2826BF1B00E4F6F3 /* Project object */;
}
